// !$*UTF8*$!
{
	archiveVersion = 1;
	classes = {
	};
	objectVersion = 46;
	objects = {

/* Begin PBXBuildFile section */
		DC0C5B9193735079D5AB45A2 /* Pods_Social_Network.framework in Frameworks */ = {isa = PBXBuildFile; fileRef = 92B3B26217CB8791BF3D262A /* Pods_Social_Network.framework */; };
		F701A56A1E54AE4500FF9FE3 /* FormatCheckers.swift in Sources */ = {isa = PBXBuildFile; fileRef = F701A5691E54AE4500FF9FE3 /* FormatCheckers.swift */; };
		F724BB3D1E59A95800A0770D /* User.swift in Sources */ = {isa = PBXBuildFile; fileRef = F724BB3C1E59A95800A0770D /* User.swift */; };
		F7504B251E532F3100D0DF55 /* CustomView.swift in Sources */ = {isa = PBXBuildFile; fileRef = F7504B241E532F3100D0DF55 /* CustomView.swift */; };
		F7504B271E532FB500D0DF55 /* Constants.swift in Sources */ = {isa = PBXBuildFile; fileRef = F7504B261E532FB500D0DF55 /* Constants.swift */; };
		F756A7A91E5302CA008EF502 /* Assets.xcassets in Resources */ = {isa = PBXBuildFile; fileRef = F756A7A81E5302CA008EF502 /* Assets.xcassets */; };
		F784A2A01E5892E300104B89 /* Post.swift in Sources */ = {isa = PBXBuildFile; fileRef = F784A29F1E5892E300104B89 /* Post.swift */; };
		F79519641E541A9E006F44E8 /* FacebookBtn.swift in Sources */ = {isa = PBXBuildFile; fileRef = F79519631E541A9E006F44E8 /* FacebookBtn.swift */; };
		F79519661E541B0F006F44E8 /* ShadowDelegate.swift in Sources */ = {isa = PBXBuildFile; fileRef = F79519651E541B0F006F44E8 /* ShadowDelegate.swift */; };
		F79519681E542517006F44E8 /* CustomTF.swift in Sources */ = {isa = PBXBuildFile; fileRef = F79519671E542517006F44E8 /* CustomTF.swift */; };
		F795196A1E542D44006F44E8 /* CustomBtn.swift in Sources */ = {isa = PBXBuildFile; fileRef = F79519691E542D44006F44E8 /* CustomBtn.swift */; };
		F7A0E8581E554ADD001DCA70 /* PostVC.swift in Sources */ = {isa = PBXBuildFile; fileRef = F7A0E8571E554ADD001DCA70 /* PostVC.swift */; };
		F7A1CD271E585D1000585174 /* DataService.swift in Sources */ = {isa = PBXBuildFile; fileRef = F7A1CD261E585D1000585174 /* DataService.swift */; };
		F7DAF7931E55C9AC005D292C /* CircleImageView.swift in Sources */ = {isa = PBXBuildFile; fileRef = F7DAF7921E55C9AC005D292C /* CircleImageView.swift */; };
		F7DAF7951E55C9FB005D292C /* CircleDelegate.swift in Sources */ = {isa = PBXBuildFile; fileRef = F7DAF7941E55C9FB005D292C /* CircleDelegate.swift */; };
		F7DB13B61E57FC81007AEBE2 /* PostCell.swift in Sources */ = {isa = PBXBuildFile; fileRef = F7DB13B51E57FC81007AEBE2 /* PostCell.swift */; };
		F7FAF7F11E51CFF6005F82E6 /* AppDelegate.swift in Sources */ = {isa = PBXBuildFile; fileRef = F7FAF7F01E51CFF6005F82E6 /* AppDelegate.swift */; };
		F7FAF7F31E51CFF6005F82E6 /* LoginVC.swift in Sources */ = {isa = PBXBuildFile; fileRef = F7FAF7F21E51CFF6005F82E6 /* LoginVC.swift */; };
		F7FAF7F61E51CFF6005F82E6 /* Main.storyboard in Resources */ = {isa = PBXBuildFile; fileRef = F7FAF7F41E51CFF6005F82E6 /* Main.storyboard */; };
		F7FAF7FB1E51CFF6005F82E6 /* LaunchScreen.storyboard in Resources */ = {isa = PBXBuildFile; fileRef = F7FAF7F91E51CFF6005F82E6 /* LaunchScreen.storyboard */; };
		F7FAF8051E51D2D3005F82E6 /* GoogleService-Info.plist in Resources */ = {isa = PBXBuildFile; fileRef = F7FAF8041E51D2D3005F82E6 /* GoogleService-Info.plist */; };
/* End PBXBuildFile section */

/* Begin PBXFileReference section */
		0567F120BB19DEB497315E95 /* Pods-Social Network.release.xcconfig */ = {isa = PBXFileReference; includeInIndex = 1; lastKnownFileType = text.xcconfig; name = "Pods-Social Network.release.xcconfig"; path = "Pods/Target Support Files/Pods-Social Network/Pods-Social Network.release.xcconfig"; sourceTree = "<group>"; };
		87DDC8976273A6B98BAE2A88 /* Pods-Social Network.debug.xcconfig */ = {isa = PBXFileReference; includeInIndex = 1; lastKnownFileType = text.xcconfig; name = "Pods-Social Network.debug.xcconfig"; path = "Pods/Target Support Files/Pods-Social Network/Pods-Social Network.debug.xcconfig"; sourceTree = "<group>"; };
		92B3B26217CB8791BF3D262A /* Pods_Social_Network.framework */ = {isa = PBXFileReference; explicitFileType = wrapper.framework; includeInIndex = 0; path = Pods_Social_Network.framework; sourceTree = BUILT_PRODUCTS_DIR; };
		F701A5691E54AE4500FF9FE3 /* FormatCheckers.swift */ = {isa = PBXFileReference; fileEncoding = 4; lastKnownFileType = sourcecode.swift; path = FormatCheckers.swift; sourceTree = "<group>"; };
		F724BB3C1E59A95800A0770D /* User.swift */ = {isa = PBXFileReference; fileEncoding = 4; lastKnownFileType = sourcecode.swift; path = User.swift; sourceTree = "<group>"; };
		F7504B241E532F3100D0DF55 /* CustomView.swift */ = {isa = PBXFileReference; fileEncoding = 4; lastKnownFileType = sourcecode.swift; path = CustomView.swift; sourceTree = "<group>"; };
		F7504B261E532FB500D0DF55 /* Constants.swift */ = {isa = PBXFileReference; fileEncoding = 4; lastKnownFileType = sourcecode.swift; path = Constants.swift; sourceTree = "<group>"; };
		F756A7A81E5302CA008EF502 /* Assets.xcassets */ = {isa = PBXFileReference; lastKnownFileType = folder.assetcatalog; name = Assets.xcassets; path = "Social Network/Assets.xcassets"; sourceTree = "<group>"; };
		F784A29F1E5892E300104B89 /* Post.swift */ = {isa = PBXFileReference; fileEncoding = 4; lastKnownFileType = sourcecode.swift; path = Post.swift; sourceTree = "<group>"; };
		F79519631E541A9E006F44E8 /* FacebookBtn.swift */ = {isa = PBXFileReference; fileEncoding = 4; lastKnownFileType = sourcecode.swift; path = FacebookBtn.swift; sourceTree = "<group>"; };
		F79519651E541B0F006F44E8 /* ShadowDelegate.swift */ = {isa = PBXFileReference; fileEncoding = 4; lastKnownFileType = sourcecode.swift; path = ShadowDelegate.swift; sourceTree = "<group>"; };
		F79519671E542517006F44E8 /* CustomTF.swift */ = {isa = PBXFileReference; fileEncoding = 4; lastKnownFileType = sourcecode.swift; path = CustomTF.swift; sourceTree = "<group>"; };
		F79519691E542D44006F44E8 /* CustomBtn.swift */ = {isa = PBXFileReference; fileEncoding = 4; lastKnownFileType = sourcecode.swift; path = CustomBtn.swift; sourceTree = "<group>"; };
		F7A0E8571E554ADD001DCA70 /* PostVC.swift */ = {isa = PBXFileReference; fileEncoding = 4; lastKnownFileType = sourcecode.swift; path = PostVC.swift; sourceTree = "<group>"; };
		F7A1CD261E585D1000585174 /* DataService.swift */ = {isa = PBXFileReference; fileEncoding = 4; lastKnownFileType = sourcecode.swift; path = DataService.swift; sourceTree = "<group>"; };
		F7DAF7921E55C9AC005D292C /* CircleImageView.swift */ = {isa = PBXFileReference; fileEncoding = 4; lastKnownFileType = sourcecode.swift; path = CircleImageView.swift; sourceTree = "<group>"; };
		F7DAF7941E55C9FB005D292C /* CircleDelegate.swift */ = {isa = PBXFileReference; fileEncoding = 4; lastKnownFileType = sourcecode.swift; path = CircleDelegate.swift; sourceTree = "<group>"; };
		F7DB13B51E57FC81007AEBE2 /* PostCell.swift */ = {isa = PBXFileReference; fileEncoding = 4; lastKnownFileType = sourcecode.swift; path = PostCell.swift; sourceTree = "<group>"; };
		F7FAF7ED1E51CFF6005F82E6 /* Social Network.app */ = {isa = PBXFileReference; explicitFileType = wrapper.application; includeInIndex = 0; path = "Social Network.app"; sourceTree = BUILT_PRODUCTS_DIR; };
		F7FAF7F01E51CFF6005F82E6 /* AppDelegate.swift */ = {isa = PBXFileReference; lastKnownFileType = sourcecode.swift; path = AppDelegate.swift; sourceTree = "<group>"; };
		F7FAF7F21E51CFF6005F82E6 /* LoginVC.swift */ = {isa = PBXFileReference; lastKnownFileType = sourcecode.swift; path = LoginVC.swift; sourceTree = "<group>"; };
		F7FAF7F51E51CFF6005F82E6 /* Base */ = {isa = PBXFileReference; lastKnownFileType = file.storyboard; name = Base; path = Base.lproj/Main.storyboard; sourceTree = "<group>"; };
		F7FAF7FA1E51CFF6005F82E6 /* Base */ = {isa = PBXFileReference; lastKnownFileType = file.storyboard; name = Base; path = Base.lproj/LaunchScreen.storyboard; sourceTree = "<group>"; };
		F7FAF7FC1E51CFF6005F82E6 /* Info.plist */ = {isa = PBXFileReference; lastKnownFileType = text.plist.xml; name = Info.plist; path = "Social Network/Info.plist"; sourceTree = "<group>"; };
		F7FAF8041E51D2D3005F82E6 /* GoogleService-Info.plist */ = {isa = PBXFileReference; fileEncoding = 4; lastKnownFileType = text.plist.xml; path = "GoogleService-Info.plist"; sourceTree = "<group>"; };
/* End PBXFileReference section */

/* Begin PBXFrameworksBuildPhase section */
		F7FAF7EA1E51CFF6005F82E6 /* Frameworks */ = {
			isa = PBXFrameworksBuildPhase;
			buildActionMask = 2147483647;
			files = (
				DC0C5B9193735079D5AB45A2 /* Pods_Social_Network.framework in Frameworks */,
			);
			runOnlyForDeploymentPostprocessing = 0;
		};
/* End PBXFrameworksBuildPhase section */

/* Begin PBXGroup section */
		0246E8E71CF7C7D3A4D755E3 /* Pods */ = {
			isa = PBXGroup;
			children = (
				87DDC8976273A6B98BAE2A88 /* Pods-Social Network.debug.xcconfig */,
				0567F120BB19DEB497315E95 /* Pods-Social Network.release.xcconfig */,
			);
			name = Pods;
			sourceTree = "<group>";
		};
		815BF09E96C8E3339EDF9BC5 /* Frameworks */ = {
			isa = PBXGroup;
			children = (
				92B3B26217CB8791BF3D262A /* Pods_Social_Network.framework */,
			);
			name = Frameworks;
			sourceTree = "<group>";
		};
		F7504B231E532F1000D0DF55 /* Utilities */ = {
			isa = PBXGroup;
			children = (
				F7504B261E532FB500D0DF55 /* Constants.swift */,
				F701A5691E54AE4500FF9FE3 /* FormatCheckers.swift */,
			);
			name = Utilities;
			sourceTree = "<group>";
		};
		F77AC2BC1E51D48800DCCEEE /* Controller */ = {
			isa = PBXGroup;
			children = (
				F7FAF7F21E51CFF6005F82E6 /* LoginVC.swift */,
				F7A0E8571E554ADD001DCA70 /* PostVC.swift */,
			);
			name = Controller;
			sourceTree = "<group>";
		};
		F77AC2BD1E51D48E00DCCEEE /* View */ = {
			isa = PBXGroup;
			children = (
				F7504B241E532F3100D0DF55 /* CustomView.swift */,
				F79519631E541A9E006F44E8 /* FacebookBtn.swift */,
				F79519671E542517006F44E8 /* CustomTF.swift */,
				F79519691E542D44006F44E8 /* CustomBtn.swift */,
				F7DAF7921E55C9AC005D292C /* CircleImageView.swift */,
				F7DB13B51E57FC81007AEBE2 /* PostCell.swift */,
			);
			name = View;
			sourceTree = "<group>";
		};
		F77AC2BE1E51D49400DCCEEE /* Model */ = {
			isa = PBXGroup;
			children = (
				F784A29F1E5892E300104B89 /* Post.swift */,
				F724BB3C1E59A95800A0770D /* User.swift */,
			);
			name = Model;
			sourceTree = "<group>";
		};
		F77AC2BF1E51D4A000DCCEEE /* Resources */ = {
			isa = PBXGroup;
			children = (
				F7FAF8041E51D2D3005F82E6 /* GoogleService-Info.plist */,
			);
			name = Resources;
			sourceTree = "<group>";
		};
		F77AC2C01E51D4DB00DCCEEE /* Delegate */ = {
			isa = PBXGroup;
			children = (
				F7FAF7F01E51CFF6005F82E6 /* AppDelegate.swift */,
				F79519651E541B0F006F44E8 /* ShadowDelegate.swift */,
				F7DAF7941E55C9FB005D292C /* CircleDelegate.swift */,
			);
			name = Delegate;
			sourceTree = "<group>";
		};
		F7A1CD251E585CEE00585174 /* Services */ = {
			isa = PBXGroup;
			children = (
				F7A1CD261E585D1000585174 /* DataService.swift */,
			);
			name = Services;
			sourceTree = "<group>";
		};
		F7FAF7E41E51CFF6005F82E6 = {
			isa = PBXGroup;
			children = (
				F7FAF7EF1E51CFF6005F82E6 /* Social Network */,
				F7FAF7F41E51CFF6005F82E6 /* Main.storyboard */,
				F756A7A81E5302CA008EF502 /* Assets.xcassets */,
				F7FAF7F91E51CFF6005F82E6 /* LaunchScreen.storyboard */,
				F7FAF7FC1E51CFF6005F82E6 /* Info.plist */,
				F7FAF7EE1E51CFF6005F82E6 /* Products */,
				0246E8E71CF7C7D3A4D755E3 /* Pods */,
				815BF09E96C8E3339EDF9BC5 /* Frameworks */,
			);
			sourceTree = "<group>";
		};
		F7FAF7EE1E51CFF6005F82E6 /* Products */ = {
			isa = PBXGroup;
			children = (
				F7FAF7ED1E51CFF6005F82E6 /* Social Network.app */,
			);
			name = Products;
			sourceTree = "<group>";
		};
		F7FAF7EF1E51CFF6005F82E6 /* Social Network */ = {
			isa = PBXGroup;
			children = (
				F77AC2BE1E51D49400DCCEEE /* Model */,
				F77AC2BD1E51D48E00DCCEEE /* View */,
				F77AC2BC1E51D48800DCCEEE /* Controller */,
				F77AC2C01E51D4DB00DCCEEE /* Delegate */,
				F7A1CD251E585CEE00585174 /* Services */,
				F7504B231E532F1000D0DF55 /* Utilities */,
				F77AC2BF1E51D4A000DCCEEE /* Resources */,
			);
			path = "Social Network";
			sourceTree = "<group>";
		};
/* End PBXGroup section */

/* Begin PBXNativeTarget section */
		F7FAF7EC1E51CFF6005F82E6 /* Social Network */ = {
			isa = PBXNativeTarget;
			buildConfigurationList = F7FAF7FF1E51CFF6005F82E6 /* Build configuration list for PBXNativeTarget "Social Network" */;
			buildPhases = (
				F77CC89A32D9286569867A97 /* [CP] Check Pods Manifest.lock */,
				F7FAF7E91E51CFF6005F82E6 /* Sources */,
				F7FAF7EA1E51CFF6005F82E6 /* Frameworks */,
				F7FAF7EB1E51CFF6005F82E6 /* Resources */,
				9192334118A837E13CDC1007 /* [CP] Embed Pods Frameworks */,
				647F9E35DAE4BF4D3BC80F03 /* [CP] Copy Pods Resources */,
			);
			buildRules = (
			);
			dependencies = (
			);
			name = "Social Network";
			productName = "Social Network";
			productReference = F7FAF7ED1E51CFF6005F82E6 /* Social Network.app */;
			productType = "com.apple.product-type.application";
		};
/* End PBXNativeTarget section */

/* Begin PBXProject section */
		F7FAF7E51E51CFF6005F82E6 /* Project object */ = {
			isa = PBXProject;
			attributes = {
				LastSwiftUpdateCheck = 0820;
				LastUpgradeCheck = 0820;
				ORGANIZATIONNAME = "Spencer Forrest";
				TargetAttributes = {
					F7FAF7EC1E51CFF6005F82E6 = {
						CreatedOnToolsVersion = 8.2.1;
						DevelopmentTeam = HT9N5JEKMU;
						ProvisioningStyle = Automatic;
					};
				};
			};
			buildConfigurationList = F7FAF7E81E51CFF6005F82E6 /* Build configuration list for PBXProject "Social Network" */;
			compatibilityVersion = "Xcode 3.2";
			developmentRegion = English;
			hasScannedForEncodings = 0;
			knownRegions = (
				en,
				Base,
			);
			mainGroup = F7FAF7E41E51CFF6005F82E6;
			productRefGroup = F7FAF7EE1E51CFF6005F82E6 /* Products */;
			projectDirPath = "";
			projectRoot = "";
			targets = (
				F7FAF7EC1E51CFF6005F82E6 /* Social Network */,
			);
		};
/* End PBXProject section */

/* Begin PBXResourcesBuildPhase section */
		F7FAF7EB1E51CFF6005F82E6 /* Resources */ = {
			isa = PBXResourcesBuildPhase;
			buildActionMask = 2147483647;
			files = (
				F7FAF7FB1E51CFF6005F82E6 /* LaunchScreen.storyboard in Resources */,
				F7FAF8051E51D2D3005F82E6 /* GoogleService-Info.plist in Resources */,
				F756A7A91E5302CA008EF502 /* Assets.xcassets in Resources */,
				F7FAF7F61E51CFF6005F82E6 /* Main.storyboard in Resources */,
			);
			runOnlyForDeploymentPostprocessing = 0;
		};
/* End PBXResourcesBuildPhase section */

/* Begin PBXShellScriptBuildPhase section */
		647F9E35DAE4BF4D3BC80F03 /* [CP] Copy Pods Resources */ = {
			isa = PBXShellScriptBuildPhase;
			buildActionMask = 2147483647;
			files = (
			);
			inputPaths = (
			);
			name = "[CP] Copy Pods Resources";
			outputPaths = (
			);
			runOnlyForDeploymentPostprocessing = 0;
			shellPath = /bin/sh;
			shellScript = "\"${SRCROOT}/Pods/Target Support Files/Pods-Social Network/Pods-Social Network-resources.sh\"\n";
			showEnvVarsInLog = 0;
		};
		9192334118A837E13CDC1007 /* [CP] Embed Pods Frameworks */ = {
			isa = PBXShellScriptBuildPhase;
			buildActionMask = 2147483647;
			files = (
			);
			inputPaths = (
			);
			name = "[CP] Embed Pods Frameworks";
			outputPaths = (
			);
			runOnlyForDeploymentPostprocessing = 0;
			shellPath = /bin/sh;
			shellScript = "\"${SRCROOT}/Pods/Target Support Files/Pods-Social Network/Pods-Social Network-frameworks.sh\"\n";
			showEnvVarsInLog = 0;
		};
		F77CC89A32D9286569867A97 /* [CP] Check Pods Manifest.lock */ = {
			isa = PBXShellScriptBuildPhase;
			buildActionMask = 2147483647;
			files = (
			);
			inputPaths = (
			);
			name = "[CP] Check Pods Manifest.lock";
			outputPaths = (
			);
			runOnlyForDeploymentPostprocessing = 0;
			shellPath = /bin/sh;
			shellScript = "diff \"${PODS_ROOT}/../Podfile.lock\" \"${PODS_ROOT}/Manifest.lock\" > /dev/null\nif [ $? != 0 ] ; then\n    # print error to STDERR\n    echo \"error: The sandbox is not in sync with the Podfile.lock. Run 'pod install' or update your CocoaPods installation.\" >&2\n    exit 1\nfi\n";
			showEnvVarsInLog = 0;
		};
/* End PBXShellScriptBuildPhase section */

/* Begin PBXSourcesBuildPhase section */
		F7FAF7E91E51CFF6005F82E6 /* Sources */ = {
			isa = PBXSourcesBuildPhase;
			buildActionMask = 2147483647;
			files = (
				F7DAF7931E55C9AC005D292C /* CircleImageView.swift in Sources */,
				F7504B251E532F3100D0DF55 /* CustomView.swift in Sources */,
				F7DB13B61E57FC81007AEBE2 /* PostCell.swift in Sources */,
				F795196A1E542D44006F44E8 /* CustomBtn.swift in Sources */,
				F724BB3D1E59A95800A0770D /* User.swift in Sources */,
				F79519681E542517006F44E8 /* CustomTF.swift in Sources */,
				F7DAF7951E55C9FB005D292C /* CircleDelegate.swift in Sources */,
				F79519661E541B0F006F44E8 /* ShadowDelegate.swift in Sources */,
				F7A0E8581E554ADD001DCA70 /* PostVC.swift in Sources */,
				F79519641E541A9E006F44E8 /* FacebookBtn.swift in Sources */,
				F7A1CD271E585D1000585174 /* DataService.swift in Sources */,
				F784A2A01E5892E300104B89 /* Post.swift in Sources */,
				F701A56A1E54AE4500FF9FE3 /* FormatCheckers.swift in Sources */,
				F7FAF7F31E51CFF6005F82E6 /* LoginVC.swift in Sources */,
				F7FAF7F11E51CFF6005F82E6 /* AppDelegate.swift in Sources */,
				F7504B271E532FB500D0DF55 /* Constants.swift in Sources */,
			);
			runOnlyForDeploymentPostprocessing = 0;
		};
/* End PBXSourcesBuildPhase section */

/* Begin PBXVariantGroup section */
		F7FAF7F41E51CFF6005F82E6 /* Main.storyboard */ = {
			isa = PBXVariantGroup;
			children = (
				F7FAF7F51E51CFF6005F82E6 /* Base */,
			);
			name = Main.storyboard;
			path = "Social Network";
			sourceTree = "<group>";
		};
		F7FAF7F91E51CFF6005F82E6 /* LaunchScreen.storyboard */ = {
			isa = PBXVariantGroup;
			children = (
				F7FAF7FA1E51CFF6005F82E6 /* Base */,
			);
			name = LaunchScreen.storyboard;
			path = "Social Network";
			sourceTree = "<group>";
		};
/* End PBXVariantGroup section */

/* Begin XCBuildConfiguration section */
		F7FAF7FD1E51CFF6005F82E6 /* Debug */ = {
			isa = XCBuildConfiguration;
			buildSettings = {
				ALWAYS_SEARCH_USER_PATHS = NO;
				CLANG_ANALYZER_NONNULL = YES;
				CLANG_CXX_LANGUAGE_STANDARD = "gnu++0x";
				CLANG_CXX_LIBRARY = "libc++";
				CLANG_ENABLE_MODULES = YES;
				CLANG_ENABLE_OBJC_ARC = YES;
				CLANG_WARN_BOOL_CONVERSION = YES;
				CLANG_WARN_CONSTANT_CONVERSION = YES;
				CLANG_WARN_DIRECT_OBJC_ISA_USAGE = YES_ERROR;
				CLANG_WARN_DOCUMENTATION_COMMENTS = YES;
				CLANG_WARN_EMPTY_BODY = YES;
				CLANG_WARN_ENUM_CONVERSION = YES;
				CLANG_WARN_INFINITE_RECURSION = YES;
				CLANG_WARN_INT_CONVERSION = YES;
				CLANG_WARN_OBJC_ROOT_CLASS = YES_ERROR;
				CLANG_WARN_SUSPICIOUS_MOVE = YES;
				CLANG_WARN_UNREACHABLE_CODE = YES;
				CLANG_WARN__DUPLICATE_METHOD_MATCH = YES;
				"CODE_SIGN_IDENTITY[sdk=iphoneos*]" = "iPhone Developer";
				COPY_PHASE_STRIP = NO;
				DEBUG_INFORMATION_FORMAT = dwarf;
				ENABLE_STRICT_OBJC_MSGSEND = YES;
				ENABLE_TESTABILITY = YES;
				GCC_C_LANGUAGE_STANDARD = gnu99;
				GCC_DYNAMIC_NO_PIC = NO;
				GCC_NO_COMMON_BLOCKS = YES;
				GCC_OPTIMIZATION_LEVEL = 0;
				GCC_PREPROCESSOR_DEFINITIONS = (
					"DEBUG=1",
					"$(inherited)",
				);
				GCC_WARN_64_TO_32_BIT_CONVERSION = YES;
				GCC_WARN_ABOUT_RETURN_TYPE = YES_ERROR;
				GCC_WARN_UNDECLARED_SELECTOR = YES;
				GCC_WARN_UNINITIALIZED_AUTOS = YES_AGGRESSIVE;
				GCC_WARN_UNUSED_FUNCTION = YES;
				GCC_WARN_UNUSED_VARIABLE = YES;
				IPHONEOS_DEPLOYMENT_TARGET = 10.2;
				MTL_ENABLE_DEBUG_INFO = YES;
				ONLY_ACTIVE_ARCH = YES;
				SDKROOT = iphoneos;
				SWIFT_ACTIVE_COMPILATION_CONDITIONS = DEBUG;
				SWIFT_OPTIMIZATION_LEVEL = "-Onone";
				TARGETED_DEVICE_FAMILY = "1,2";
			};
			name = Debug;
		};
		F7FAF7FE1E51CFF6005F82E6 /* Release */ = {
			isa = XCBuildConfiguration;
			buildSettings = {
				ALWAYS_SEARCH_USER_PATHS = NO;
				CLANG_ANALYZER_NONNULL = YES;
				CLANG_CXX_LANGUAGE_STANDARD = "gnu++0x";
				CLANG_CXX_LIBRARY = "libc++";
				CLANG_ENABLE_MODULES = YES;
				CLANG_ENABLE_OBJC_ARC = YES;
				CLANG_WARN_BOOL_CONVERSION = YES;
				CLANG_WARN_CONSTANT_CONVERSION = YES;
				CLANG_WARN_DIRECT_OBJC_ISA_USAGE = YES_ERROR;
				CLANG_WARN_DOCUMENTATION_COMMENTS = YES;
				CLANG_WARN_EMPTY_BODY = YES;
				CLANG_WARN_ENUM_CONVERSION = YES;
				CLANG_WARN_INFINITE_RECURSION = YES;
				CLANG_WARN_INT_CONVERSION = YES;
				CLANG_WARN_OBJC_ROOT_CLASS = YES_ERROR;
				CLANG_WARN_SUSPICIOUS_MOVE = YES;
				CLANG_WARN_UNREACHABLE_CODE = YES;
				CLANG_WARN__DUPLICATE_METHOD_MATCH = YES;
				"CODE_SIGN_IDENTITY[sdk=iphoneos*]" = "iPhone Developer";
				COPY_PHASE_STRIP = NO;
				DEBUG_INFORMATION_FORMAT = "dwarf-with-dsym";
				ENABLE_NS_ASSERTIONS = NO;
				ENABLE_STRICT_OBJC_MSGSEND = YES;
				GCC_C_LANGUAGE_STANDARD = gnu99;
				GCC_NO_COMMON_BLOCKS = YES;
				GCC_WARN_64_TO_32_BIT_CONVERSION = YES;
				GCC_WARN_ABOUT_RETURN_TYPE = YES_ERROR;
				GCC_WARN_UNDECLARED_SELECTOR = YES;
				GCC_WARN_UNINITIALIZED_AUTOS = YES_AGGRESSIVE;
				GCC_WARN_UNUSED_FUNCTION = YES;
				GCC_WARN_UNUSED_VARIABLE = YES;
				IPHONEOS_DEPLOYMENT_TARGET = 10.2;
				MTL_ENABLE_DEBUG_INFO = NO;
				SDKROOT = iphoneos;
				SWIFT_OPTIMIZATION_LEVEL = "-Owholemodule";
				TARGETED_DEVICE_FAMILY = "1,2";
				VALIDATE_PRODUCT = YES;
			};
			name = Release;
		};
		F7FAF8001E51CFF6005F82E6 /* Debug */ = {
			isa = XCBuildConfiguration;
			baseConfigurationReference = 87DDC8976273A6B98BAE2A88 /* Pods-Social Network.debug.xcconfig */;
			buildSettings = {
				ASSETCATALOG_COMPILER_APPICON_NAME = AppIcon;
				DEVELOPMENT_TEAM = HT9N5JEKMU;
				INFOPLIST_FILE = "Social Network/Info.plist";
				LD_RUNPATH_SEARCH_PATHS = "$(inherited) @executable_path/Frameworks";
				PRODUCT_BUNDLE_IDENTIFIER = "com.SpencerForrest.Social-Network";
				PRODUCT_NAME = "$(TARGET_NAME)";
				SWIFT_VERSION = 3.0;
				TARGETED_DEVICE_FAMILY = 1;
			};
			name = Debug;
		};
		F7FAF8011E51CFF6005F82E6 /* Release */ = {
			isa = XCBuildConfiguration;
			baseConfigurationReference = 0567F120BB19DEB497315E95 /* Pods-Social Network.release.xcconfig */;
			buildSettings = {
				ASSETCATALOG_COMPILER_APPICON_NAME = AppIcon;
				DEVELOPMENT_TEAM = HT9N5JEKMU;
				INFOPLIST_FILE = "Social Network/Info.plist";
				LD_RUNPATH_SEARCH_PATHS = "$(inherited) @executable_path/Frameworks";
				PRODUCT_BUNDLE_IDENTIFIER = "com.SpencerForrest.Social-Network";
				PRODUCT_NAME = "$(TARGET_NAME)";
				SWIFT_VERSION = 3.0;
				TARGETED_DEVICE_FAMILY = 1;
			};
			name = Release;
		};
/* End XCBuildConfiguration section */

/* Begin XCConfigurationList section */
		F7FAF7E81E51CFF6005F82E6 /* Build configuration list for PBXProject "Social Network" */ = {
			isa = XCConfigurationList;
			buildConfigurations = (
				F7FAF7FD1E51CFF6005F82E6 /* Debug */,
				F7FAF7FE1E51CFF6005F82E6 /* Release */,
			);
			defaultConfigurationIsVisible = 0;
			defaultConfigurationName = Release;
		};
		F7FAF7FF1E51CFF6005F82E6 /* Build configuration list for PBXNativeTarget "Social Network" */ = {
			isa = XCConfigurationList;
			buildConfigurations = (
				F7FAF8001E51CFF6005F82E6 /* Debug */,
				F7FAF8011E51CFF6005F82E6 /* Release */,
			);
			defaultConfigurationIsVisible = 0;
			defaultConfigurationName = Release;
		};
/* End XCConfigurationList section */
	};
	rootObject = F7FAF7E51E51CFF6005F82E6 /* Project object */;
}
